// !$*UTF8*$!
{
	archiveVersion = 1;
	classes = {
	};
	objectVersion = 55;
	objects = {

/* Begin PBXBuildFile section */
		3E37C4B827FE221200253CA4 /* Assets.xcassets in Resources */ = {isa = PBXBuildFile; fileRef = 3E37C4B727FE221200253CA4 /* Assets.xcassets */; };
		3E37C4BB27FE221200253CA4 /* Preview Assets.xcassets in Resources */ = {isa = PBXBuildFile; fileRef = 3E37C4BA27FE221200253CA4 /* Preview Assets.xcassets */; };
		3E37C4C627FE221200253CA4 /* ViewModelTests.swift in Sources */ = {isa = PBXBuildFile; fileRef = 3E37C4C527FE221200253CA4 /* ViewModelTests.swift */; };
		3E37C4D027FE221200253CA4 /* Swifty_PusherUITests.swift in Sources */ = {isa = PBXBuildFile; fileRef = 3E37C4CF27FE221200253CA4 /* Swifty_PusherUITests.swift */; };
		3EA4720427FF5187007E9E7B /* OpenPanel.swift in Sources */ = {isa = PBXBuildFile; fileRef = 3EA4720327FF5187007E9E7B /* OpenPanel.swift */; };
		3EA4720627FF5330007E9E7B /* MockOpenPanel.swift in Sources */ = {isa = PBXBuildFile; fileRef = 3EA4720527FF5330007E9E7B /* MockOpenPanel.swift */; };
		3EA4720827FF578A007E9E7B /* test.p8 in Resources */ = {isa = PBXBuildFile; fileRef = 3EA4720727FF578A007E9E7B /* test.p8 */; };
		3EA4720B27FF62BE007E9E7B /* OHHTTPStubsSwift in Frameworks */ = {isa = PBXBuildFile; productRef = 3EA4720A27FF62BE007E9E7B /* OHHTTPStubsSwift */; };
		3EB3439927FE227B006A45FB /* Swifty_PusherApp.swift in Sources */ = {isa = PBXBuildFile; fileRef = 3EB3438F27FE227B006A45FB /* Swifty_PusherApp.swift */; };
		3EB3439A27FE227B006A45FB /* ContentView.swift in Sources */ = {isa = PBXBuildFile; fileRef = 3EB3439027FE227B006A45FB /* ContentView.swift */; };
		3EB3439B27FE227B006A45FB /* APNSPriority.swift in Sources */ = {isa = PBXBuildFile; fileRef = 3EB3439127FE227B006A45FB /* APNSPriority.swift */; };
		3EB3439C27FE227B006A45FB /* ApplePushNotificationServer.swift in Sources */ = {isa = PBXBuildFile; fileRef = 3EB3439227FE227B006A45FB /* ApplePushNotificationServer.swift */; };
		3EB3439D27FE227B006A45FB /* EllipticCurveKey.swift in Sources */ = {isa = PBXBuildFile; fileRef = 3EB3439327FE227B006A45FB /* EllipticCurveKey.swift */; };
		3EB3439E27FE227B006A45FB /* Data+Base64EncodedURLString.swift in Sources */ = {isa = PBXBuildFile; fileRef = 3EB3439427FE227B006A45FB /* Data+Base64EncodedURLString.swift */; };
		3EB3439F27FE227B006A45FB /* APNSPushType.swift in Sources */ = {isa = PBXBuildFile; fileRef = 3EB3439527FE227B006A45FB /* APNSPushType.swift */; };
		3EB343A027FE227B006A45FB /* JSONWebToken.swift in Sources */ = {isa = PBXBuildFile; fileRef = 3EB3439627FE227B006A45FB /* JSONWebToken.swift */; };
		3EB343A127FE227B006A45FB /* P8Parser.swift in Sources */ = {isa = PBXBuildFile; fileRef = 3EB3439727FE227B006A45FB /* P8Parser.swift */; };
		3EB343A227FE227B006A45FB /* ViewModel.swift in Sources */ = {isa = PBXBuildFile; fileRef = 3EB3439827FE227B006A45FB /* ViewModel.swift */; };
/* End PBXBuildFile section */

/* Begin PBXContainerItemProxy section */
		3E37C4C227FE221200253CA4 /* PBXContainerItemProxy */ = {
			isa = PBXContainerItemProxy;
			containerPortal = 3E37C4A827FE221200253CA4 /* Project object */;
			proxyType = 1;
			remoteGlobalIDString = 3E37C4AF27FE221200253CA4;
			remoteInfo = "Swifty Pusher";
		};
		3E37C4CC27FE221200253CA4 /* PBXContainerItemProxy */ = {
			isa = PBXContainerItemProxy;
			containerPortal = 3E37C4A827FE221200253CA4 /* Project object */;
			proxyType = 1;
			remoteGlobalIDString = 3E37C4AF27FE221200253CA4;
			remoteInfo = "Swifty Pusher";
		};
/* End PBXContainerItemProxy section */

/* Begin PBXFileReference section */
		3E37C4B027FE221200253CA4 /* Swifty Pusher.app */ = {isa = PBXFileReference; explicitFileType = wrapper.application; includeInIndex = 0; path = "Swifty Pusher.app"; sourceTree = BUILT_PRODUCTS_DIR; };
		3E37C4B727FE221200253CA4 /* Assets.xcassets */ = {isa = PBXFileReference; lastKnownFileType = folder.assetcatalog; path = Assets.xcassets; sourceTree = "<group>"; };
		3E37C4BA27FE221200253CA4 /* Preview Assets.xcassets */ = {isa = PBXFileReference; lastKnownFileType = folder.assetcatalog; path = "Preview Assets.xcassets"; sourceTree = "<group>"; };
		3E37C4BC27FE221200253CA4 /* Swifty_Pusher.entitlements */ = {isa = PBXFileReference; lastKnownFileType = text.plist.entitlements; path = Swifty_Pusher.entitlements; sourceTree = "<group>"; };
		3E37C4C127FE221200253CA4 /* Swifty PusherTests.xctest */ = {isa = PBXFileReference; explicitFileType = wrapper.cfbundle; includeInIndex = 0; path = "Swifty PusherTests.xctest"; sourceTree = BUILT_PRODUCTS_DIR; };
		3E37C4C527FE221200253CA4 /* ViewModelTests.swift */ = {isa = PBXFileReference; lastKnownFileType = sourcecode.swift; path = ViewModelTests.swift; sourceTree = "<group>"; };
		3E37C4CB27FE221200253CA4 /* Swifty PusherUITests.xctest */ = {isa = PBXFileReference; explicitFileType = wrapper.cfbundle; includeInIndex = 0; path = "Swifty PusherUITests.xctest"; sourceTree = BUILT_PRODUCTS_DIR; };
		3E37C4CF27FE221200253CA4 /* Swifty_PusherUITests.swift */ = {isa = PBXFileReference; lastKnownFileType = sourcecode.swift; path = Swifty_PusherUITests.swift; sourceTree = "<group>"; };
		3EA4720327FF5187007E9E7B /* OpenPanel.swift */ = {isa = PBXFileReference; lastKnownFileType = sourcecode.swift; path = OpenPanel.swift; sourceTree = "<group>"; };
		3EA4720527FF5330007E9E7B /* MockOpenPanel.swift */ = {isa = PBXFileReference; lastKnownFileType = sourcecode.swift; path = MockOpenPanel.swift; sourceTree = "<group>"; };
		3EA4720727FF578A007E9E7B /* test.p8 */ = {isa = PBXFileReference; fileEncoding = 4; lastKnownFileType = text; path = test.p8; sourceTree = "<group>"; };
		3EB3438F27FE227B006A45FB /* Swifty_PusherApp.swift */ = {isa = PBXFileReference; fileEncoding = 4; lastKnownFileType = sourcecode.swift; path = Swifty_PusherApp.swift; sourceTree = "<group>"; };
		3EB3439027FE227B006A45FB /* ContentView.swift */ = {isa = PBXFileReference; fileEncoding = 4; lastKnownFileType = sourcecode.swift; path = ContentView.swift; sourceTree = "<group>"; };
		3EB3439127FE227B006A45FB /* APNSPriority.swift */ = {isa = PBXFileReference; fileEncoding = 4; lastKnownFileType = sourcecode.swift; path = APNSPriority.swift; sourceTree = "<group>"; };
		3EB3439227FE227B006A45FB /* ApplePushNotificationServer.swift */ = {isa = PBXFileReference; fileEncoding = 4; lastKnownFileType = sourcecode.swift; path = ApplePushNotificationServer.swift; sourceTree = "<group>"; };
		3EB3439327FE227B006A45FB /* EllipticCurveKey.swift */ = {isa = PBXFileReference; fileEncoding = 4; lastKnownFileType = sourcecode.swift; path = EllipticCurveKey.swift; sourceTree = "<group>"; };
		3EB3439427FE227B006A45FB /* Data+Base64EncodedURLString.swift */ = {isa = PBXFileReference; fileEncoding = 4; lastKnownFileType = sourcecode.swift; path = "Data+Base64EncodedURLString.swift"; sourceTree = "<group>"; };
		3EB3439527FE227B006A45FB /* APNSPushType.swift */ = {isa = PBXFileReference; fileEncoding = 4; lastKnownFileType = sourcecode.swift; path = APNSPushType.swift; sourceTree = "<group>"; };
		3EB3439627FE227B006A45FB /* JSONWebToken.swift */ = {isa = PBXFileReference; fileEncoding = 4; lastKnownFileType = sourcecode.swift; path = JSONWebToken.swift; sourceTree = "<group>"; };
		3EB3439727FE227B006A45FB /* P8Parser.swift */ = {isa = PBXFileReference; fileEncoding = 4; lastKnownFileType = sourcecode.swift; path = P8Parser.swift; sourceTree = "<group>"; };
		3EB3439827FE227B006A45FB /* ViewModel.swift */ = {isa = PBXFileReference; fileEncoding = 4; lastKnownFileType = sourcecode.swift; path = ViewModel.swift; sourceTree = "<group>"; };
/* End PBXFileReference section */

/* Begin PBXFrameworksBuildPhase section */
		3E37C4AD27FE221200253CA4 /* Frameworks */ = {
			isa = PBXFrameworksBuildPhase;
			buildActionMask = 2147483647;
			files = (
				3EA4720B27FF62BE007E9E7B /* OHHTTPStubsSwift in Frameworks */,
			);
			runOnlyForDeploymentPostprocessing = 0;
		};
		3E37C4BE27FE221200253CA4 /* Frameworks */ = {
			isa = PBXFrameworksBuildPhase;
			buildActionMask = 2147483647;
			files = (
			);
			runOnlyForDeploymentPostprocessing = 0;
		};
		3E37C4C827FE221200253CA4 /* Frameworks */ = {
			isa = PBXFrameworksBuildPhase;
			buildActionMask = 2147483647;
			files = (
			);
			runOnlyForDeploymentPostprocessing = 0;
		};
/* End PBXFrameworksBuildPhase section */

/* Begin PBXGroup section */
		3E12F6A427FE8AF40060A828 /* APNS */ = {
			isa = PBXGroup;
			children = (
				3EB3439227FE227B006A45FB /* ApplePushNotificationServer.swift */,
				3EB3439127FE227B006A45FB /* APNSPriority.swift */,
				3EB3439527FE227B006A45FB /* APNSPushType.swift */,
			);
			path = APNS;
			sourceTree = "<group>";
		};
		3E12F6A527FE8B0C0060A828 /* JSONWebToken */ = {
			isa = PBXGroup;
			children = (
				3EB3439427FE227B006A45FB /* Data+Base64EncodedURLString.swift */,
				3EB3439327FE227B006A45FB /* EllipticCurveKey.swift */,
				3EB3439627FE227B006A45FB /* JSONWebToken.swift */,
				3EB3439727FE227B006A45FB /* P8Parser.swift */,
			);
			path = JSONWebToken;
			sourceTree = "<group>";
		};
		3E37C4A727FE221200253CA4 = {
			isa = PBXGroup;
			children = (
				3E37C4B227FE221200253CA4 /* Swifty Pusher */,
				3E37C4C427FE221200253CA4 /* Swifty PusherTests */,
				3E37C4CE27FE221200253CA4 /* Swifty PusherUITests */,
				3E37C4B127FE221200253CA4 /* Products */,
			);
			sourceTree = "<group>";
		};
		3E37C4B127FE221200253CA4 /* Products */ = {
			isa = PBXGroup;
			children = (
				3E37C4B027FE221200253CA4 /* Swifty Pusher.app */,
				3E37C4C127FE221200253CA4 /* Swifty PusherTests.xctest */,
				3E37C4CB27FE221200253CA4 /* Swifty PusherUITests.xctest */,
			);
			name = Products;
			sourceTree = "<group>";
		};
		3E37C4B227FE221200253CA4 /* Swifty Pusher */ = {
			isa = PBXGroup;
			children = (
				3E12F6A527FE8B0C0060A828 /* JSONWebToken */,
				3E12F6A427FE8AF40060A828 /* APNS */,
				3EB3439027FE227B006A45FB /* ContentView.swift */,
				3EB3438F27FE227B006A45FB /* Swifty_PusherApp.swift */,
				3EB3439827FE227B006A45FB /* ViewModel.swift */,
				3E37C4B727FE221200253CA4 /* Assets.xcassets */,
				3E37C4BC27FE221200253CA4 /* Swifty_Pusher.entitlements */,
				3E37C4B927FE221200253CA4 /* Preview Content */,
				3EA4720327FF5187007E9E7B /* OpenPanel.swift */,
			);
			path = "Swifty Pusher";
			sourceTree = "<group>";
		};
		3E37C4B927FE221200253CA4 /* Preview Content */ = {
			isa = PBXGroup;
			children = (
				3E37C4BA27FE221200253CA4 /* Preview Assets.xcassets */,
			);
			path = "Preview Content";
			sourceTree = "<group>";
		};
		3E37C4C427FE221200253CA4 /* Swifty PusherTests */ = {
			isa = PBXGroup;
			children = (
				3EA4720727FF578A007E9E7B /* test.p8 */,
				3E37C4C527FE221200253CA4 /* ViewModelTests.swift */,
				3EA4720527FF5330007E9E7B /* MockOpenPanel.swift */,
			);
			path = "Swifty PusherTests";
			sourceTree = "<group>";
		};
		3E37C4CE27FE221200253CA4 /* Swifty PusherUITests */ = {
			isa = PBXGroup;
			children = (
				3E37C4CF27FE221200253CA4 /* Swifty_PusherUITests.swift */,
			);
			path = "Swifty PusherUITests";
			sourceTree = "<group>";
		};
/* End PBXGroup section */

/* Begin PBXNativeTarget section */
		3E37C4AF27FE221200253CA4 /* Swifty Pusher */ = {
			isa = PBXNativeTarget;
			buildConfigurationList = 3E37C4D527FE221200253CA4 /* Build configuration list for PBXNativeTarget "Swifty Pusher" */;
			buildPhases = (
				3E37C4AC27FE221200253CA4 /* Sources */,
				3E37C4AD27FE221200253CA4 /* Frameworks */,
				3E37C4AE27FE221200253CA4 /* Resources */,
			);
			buildRules = (
			);
			dependencies = (
			);
			name = "Swifty Pusher";
			packageProductDependencies = (
				3EA4720A27FF62BE007E9E7B /* OHHTTPStubsSwift */,
			);
			productName = "Swifty Pusher";
			productReference = 3E37C4B027FE221200253CA4 /* Swifty Pusher.app */;
			productType = "com.apple.product-type.application";
		};
		3E37C4C027FE221200253CA4 /* Swifty PusherTests */ = {
			isa = PBXNativeTarget;
			buildConfigurationList = 3E37C4D827FE221200253CA4 /* Build configuration list for PBXNativeTarget "Swifty PusherTests" */;
			buildPhases = (
				3E37C4BD27FE221200253CA4 /* Sources */,
				3E37C4BE27FE221200253CA4 /* Frameworks */,
				3E37C4BF27FE221200253CA4 /* Resources */,
			);
			buildRules = (
			);
			dependencies = (
				3EA4720D27FF6340007E9E7B /* PBXTargetDependency */,
				3E37C4C327FE221200253CA4 /* PBXTargetDependency */,
			);
			name = "Swifty PusherTests";
			productName = "Swifty PusherTests";
			productReference = 3E37C4C127FE221200253CA4 /* Swifty PusherTests.xctest */;
			productType = "com.apple.product-type.bundle.unit-test";
		};
		3E37C4CA27FE221200253CA4 /* Swifty PusherUITests */ = {
			isa = PBXNativeTarget;
			buildConfigurationList = 3E37C4DB27FE221200253CA4 /* Build configuration list for PBXNativeTarget "Swifty PusherUITests" */;
			buildPhases = (
				3E37C4C727FE221200253CA4 /* Sources */,
				3E37C4C827FE221200253CA4 /* Frameworks */,
				3E37C4C927FE221200253CA4 /* Resources */,
			);
			buildRules = (
			);
			dependencies = (
				3E37C4CD27FE221200253CA4 /* PBXTargetDependency */,
			);
			name = "Swifty PusherUITests";
			productName = "Swifty PusherUITests";
			productReference = 3E37C4CB27FE221200253CA4 /* Swifty PusherUITests.xctest */;
			productType = "com.apple.product-type.bundle.ui-testing";
		};
/* End PBXNativeTarget section */

/* Begin PBXProject section */
		3E37C4A827FE221200253CA4 /* Project object */ = {
			isa = PBXProject;
			attributes = {
				BuildIndependentTargetsInParallel = 1;
				LastSwiftUpdateCheck = 1330;
				LastUpgradeCheck = 1330;
				TargetAttributes = {
					3E37C4AF27FE221200253CA4 = {
						CreatedOnToolsVersion = 13.3;
					};
					3E37C4C027FE221200253CA4 = {
						CreatedOnToolsVersion = 13.3;
						TestTargetID = 3E37C4AF27FE221200253CA4;
					};
					3E37C4CA27FE221200253CA4 = {
						CreatedOnToolsVersion = 13.3;
						TestTargetID = 3E37C4AF27FE221200253CA4;
					};
				};
			};
			buildConfigurationList = 3E37C4AB27FE221200253CA4 /* Build configuration list for PBXProject "Swifty Pusher" */;
			compatibilityVersion = "Xcode 13.0";
			developmentRegion = en;
			hasScannedForEncodings = 0;
			knownRegions = (
				en,
				Base,
			);
			mainGroup = 3E37C4A727FE221200253CA4;
			packageReferences = (
				3EA4720927FF62BE007E9E7B /* XCRemoteSwiftPackageReference "OHHTTPStubs" */,
			);
			productRefGroup = 3E37C4B127FE221200253CA4 /* Products */;
			projectDirPath = "";
			projectRoot = "";
			targets = (
				3E37C4AF27FE221200253CA4 /* Swifty Pusher */,
				3E37C4C027FE221200253CA4 /* Swifty PusherTests */,
				3E37C4CA27FE221200253CA4 /* Swifty PusherUITests */,
			);
		};
/* End PBXProject section */

/* Begin PBXResourcesBuildPhase section */
		3E37C4AE27FE221200253CA4 /* Resources */ = {
			isa = PBXResourcesBuildPhase;
			buildActionMask = 2147483647;
			files = (
				3E37C4BB27FE221200253CA4 /* Preview Assets.xcassets in Resources */,
				3E37C4B827FE221200253CA4 /* Assets.xcassets in Resources */,
			);
			runOnlyForDeploymentPostprocessing = 0;
		};
		3E37C4BF27FE221200253CA4 /* Resources */ = {
			isa = PBXResourcesBuildPhase;
			buildActionMask = 2147483647;
			files = (
				3EA4720827FF578A007E9E7B /* test.p8 in Resources */,
			);
			runOnlyForDeploymentPostprocessing = 0;
		};
		3E37C4C927FE221200253CA4 /* Resources */ = {
			isa = PBXResourcesBuildPhase;
			buildActionMask = 2147483647;
			files = (
			);
			runOnlyForDeploymentPostprocessing = 0;
		};
/* End PBXResourcesBuildPhase section */

/* Begin PBXSourcesBuildPhase section */
		3E37C4AC27FE221200253CA4 /* Sources */ = {
			isa = PBXSourcesBuildPhase;
			buildActionMask = 2147483647;
			files = (
				3EB3439C27FE227B006A45FB /* ApplePushNotificationServer.swift in Sources */,
				3EB3439F27FE227B006A45FB /* APNSPushType.swift in Sources */,
				3EB3439B27FE227B006A45FB /* APNSPriority.swift in Sources */,
				3EB3439927FE227B006A45FB /* Swifty_PusherApp.swift in Sources */,
				3EB3439D27FE227B006A45FB /* EllipticCurveKey.swift in Sources */,
				3EB343A127FE227B006A45FB /* P8Parser.swift in Sources */,
				3EB343A027FE227B006A45FB /* JSONWebToken.swift in Sources */,
				3EA4720427FF5187007E9E7B /* OpenPanel.swift in Sources */,
				3EB3439A27FE227B006A45FB /* ContentView.swift in Sources */,
				3EB3439E27FE227B006A45FB /* Data+Base64EncodedURLString.swift in Sources */,
				3EB343A227FE227B006A45FB /* ViewModel.swift in Sources */,
			);
			runOnlyForDeploymentPostprocessing = 0;
		};
		3E37C4BD27FE221200253CA4 /* Sources */ = {
			isa = PBXSourcesBuildPhase;
			buildActionMask = 2147483647;
			files = (
				3EA4720627FF5330007E9E7B /* MockOpenPanel.swift in Sources */,
				3E37C4C627FE221200253CA4 /* ViewModelTests.swift in Sources */,
			);
			runOnlyForDeploymentPostprocessing = 0;
		};
		3E37C4C727FE221200253CA4 /* Sources */ = {
			isa = PBXSourcesBuildPhase;
			buildActionMask = 2147483647;
			files = (
				3E37C4D027FE221200253CA4 /* Swifty_PusherUITests.swift in Sources */,
			);
			runOnlyForDeploymentPostprocessing = 0;
		};
/* End PBXSourcesBuildPhase section */

/* Begin PBXTargetDependency section */
		3E37C4C327FE221200253CA4 /* PBXTargetDependency */ = {
			isa = PBXTargetDependency;
			target = 3E37C4AF27FE221200253CA4 /* Swifty Pusher */;
			targetProxy = 3E37C4C227FE221200253CA4 /* PBXContainerItemProxy */;
		};
		3E37C4CD27FE221200253CA4 /* PBXTargetDependency */ = {
			isa = PBXTargetDependency;
			target = 3E37C4AF27FE221200253CA4 /* Swifty Pusher */;
			targetProxy = 3E37C4CC27FE221200253CA4 /* PBXContainerItemProxy */;
		};
		3EA4720D27FF6340007E9E7B /* PBXTargetDependency */ = {
			isa = PBXTargetDependency;
			productRef = 3EA4720C27FF6340007E9E7B /* OHHTTPStubsSwift */;
		};
/* End PBXTargetDependency section */

/* Begin XCBuildConfiguration section */
		3E37C4D327FE221200253CA4 /* Debug */ = {
			isa = XCBuildConfiguration;
			buildSettings = {
				ALWAYS_SEARCH_USER_PATHS = NO;
				CLANG_ANALYZER_NONNULL = YES;
				CLANG_ANALYZER_NUMBER_OBJECT_CONVERSION = YES_AGGRESSIVE;
				CLANG_CXX_LANGUAGE_STANDARD = "gnu++17";
				CLANG_ENABLE_MODULES = YES;
				CLANG_ENABLE_OBJC_ARC = YES;
				CLANG_ENABLE_OBJC_WEAK = YES;
				CLANG_WARN_BLOCK_CAPTURE_AUTORELEASING = YES;
				CLANG_WARN_BOOL_CONVERSION = YES;
				CLANG_WARN_COMMA = YES;
				CLANG_WARN_CONSTANT_CONVERSION = YES;
				CLANG_WARN_DEPRECATED_OBJC_IMPLEMENTATIONS = YES;
				CLANG_WARN_DIRECT_OBJC_ISA_USAGE = YES_ERROR;
				CLANG_WARN_DOCUMENTATION_COMMENTS = YES;
				CLANG_WARN_EMPTY_BODY = YES;
				CLANG_WARN_ENUM_CONVERSION = YES;
				CLANG_WARN_INFINITE_RECURSION = YES;
				CLANG_WARN_INT_CONVERSION = YES;
				CLANG_WARN_NON_LITERAL_NULL_CONVERSION = YES;
				CLANG_WARN_OBJC_IMPLICIT_RETAIN_SELF = YES;
				CLANG_WARN_OBJC_LITERAL_CONVERSION = YES;
				CLANG_WARN_OBJC_ROOT_CLASS = YES_ERROR;
				CLANG_WARN_QUOTED_INCLUDE_IN_FRAMEWORK_HEADER = YES;
				CLANG_WARN_RANGE_LOOP_ANALYSIS = YES;
				CLANG_WARN_STRICT_PROTOTYPES = YES;
				CLANG_WARN_SUSPICIOUS_MOVE = YES;
				CLANG_WARN_UNGUARDED_AVAILABILITY = YES_AGGRESSIVE;
				CLANG_WARN_UNREACHABLE_CODE = YES;
				CLANG_WARN__DUPLICATE_METHOD_MATCH = YES;
				COPY_PHASE_STRIP = NO;
				DEBUG_INFORMATION_FORMAT = dwarf;
				ENABLE_STRICT_OBJC_MSGSEND = YES;
				ENABLE_TESTABILITY = YES;
				GCC_C_LANGUAGE_STANDARD = gnu11;
				GCC_DYNAMIC_NO_PIC = NO;
				GCC_NO_COMMON_BLOCKS = YES;
				GCC_OPTIMIZATION_LEVEL = 0;
				GCC_PREPROCESSOR_DEFINITIONS = (
					"DEBUG=1",
					"$(inherited)",
				);
				GCC_WARN_64_TO_32_BIT_CONVERSION = YES;
				GCC_WARN_ABOUT_RETURN_TYPE = YES_ERROR;
				GCC_WARN_UNDECLARED_SELECTOR = YES;
				GCC_WARN_UNINITIALIZED_AUTOS = YES_AGGRESSIVE;
				GCC_WARN_UNUSED_FUNCTION = YES;
				GCC_WARN_UNUSED_VARIABLE = YES;
				MACOSX_DEPLOYMENT_TARGET = 12.3;
				MTL_ENABLE_DEBUG_INFO = INCLUDE_SOURCE;
				MTL_FAST_MATH = YES;
				ONLY_ACTIVE_ARCH = YES;
				SDKROOT = macosx;
				SWIFT_ACTIVE_COMPILATION_CONDITIONS = DEBUG;
				SWIFT_OPTIMIZATION_LEVEL = "-Onone";
			};
			name = Debug;
		};
		3E37C4D427FE221200253CA4 /* Release */ = {
			isa = XCBuildConfiguration;
			buildSettings = {
				ALWAYS_SEARCH_USER_PATHS = NO;
				CLANG_ANALYZER_NONNULL = YES;
				CLANG_ANALYZER_NUMBER_OBJECT_CONVERSION = YES_AGGRESSIVE;
				CLANG_CXX_LANGUAGE_STANDARD = "gnu++17";
				CLANG_ENABLE_MODULES = YES;
				CLANG_ENABLE_OBJC_ARC = YES;
				CLANG_ENABLE_OBJC_WEAK = YES;
				CLANG_WARN_BLOCK_CAPTURE_AUTORELEASING = YES;
				CLANG_WARN_BOOL_CONVERSION = YES;
				CLANG_WARN_COMMA = YES;
				CLANG_WARN_CONSTANT_CONVERSION = YES;
				CLANG_WARN_DEPRECATED_OBJC_IMPLEMENTATIONS = YES;
				CLANG_WARN_DIRECT_OBJC_ISA_USAGE = YES_ERROR;
				CLANG_WARN_DOCUMENTATION_COMMENTS = YES;
				CLANG_WARN_EMPTY_BODY = YES;
				CLANG_WARN_ENUM_CONVERSION = YES;
				CLANG_WARN_INFINITE_RECURSION = YES;
				CLANG_WARN_INT_CONVERSION = YES;
				CLANG_WARN_NON_LITERAL_NULL_CONVERSION = YES;
				CLANG_WARN_OBJC_IMPLICIT_RETAIN_SELF = YES;
				CLANG_WARN_OBJC_LITERAL_CONVERSION = YES;
				CLANG_WARN_OBJC_ROOT_CLASS = YES_ERROR;
				CLANG_WARN_QUOTED_INCLUDE_IN_FRAMEWORK_HEADER = YES;
				CLANG_WARN_RANGE_LOOP_ANALYSIS = YES;
				CLANG_WARN_STRICT_PROTOTYPES = YES;
				CLANG_WARN_SUSPICIOUS_MOVE = YES;
				CLANG_WARN_UNGUARDED_AVAILABILITY = YES_AGGRESSIVE;
				CLANG_WARN_UNREACHABLE_CODE = YES;
				CLANG_WARN__DUPLICATE_METHOD_MATCH = YES;
				COPY_PHASE_STRIP = NO;
				DEBUG_INFORMATION_FORMAT = "dwarf-with-dsym";
				ENABLE_NS_ASSERTIONS = NO;
				ENABLE_STRICT_OBJC_MSGSEND = YES;
				GCC_C_LANGUAGE_STANDARD = gnu11;
				GCC_NO_COMMON_BLOCKS = YES;
				GCC_WARN_64_TO_32_BIT_CONVERSION = YES;
				GCC_WARN_ABOUT_RETURN_TYPE = YES_ERROR;
				GCC_WARN_UNDECLARED_SELECTOR = YES;
				GCC_WARN_UNINITIALIZED_AUTOS = YES_AGGRESSIVE;
				GCC_WARN_UNUSED_FUNCTION = YES;
				GCC_WARN_UNUSED_VARIABLE = YES;
				MACOSX_DEPLOYMENT_TARGET = 12.3;
				MTL_ENABLE_DEBUG_INFO = NO;
				MTL_FAST_MATH = YES;
				SDKROOT = macosx;
				SWIFT_COMPILATION_MODE = wholemodule;
				SWIFT_OPTIMIZATION_LEVEL = "-O";
			};
			name = Release;
		};
		3E37C4D627FE221200253CA4 /* Debug */ = {
			isa = XCBuildConfiguration;
			buildSettings = {
				ASSETCATALOG_COMPILER_APPICON_NAME = AppIcon;
				ASSETCATALOG_COMPILER_GLOBAL_ACCENT_COLOR_NAME = AccentColor;
				CODE_SIGN_ENTITLEMENTS = "Swifty Pusher/Swifty_Pusher.entitlements";
				CODE_SIGN_STYLE = Automatic;
				COMBINE_HIDPI_IMAGES = YES;
				CURRENT_PROJECT_VERSION = 1;
				DEVELOPMENT_ASSET_PATHS = "\"Swifty Pusher/Preview Content\"";
				DEVELOPMENT_TEAM = P45J34CJYG;
				ENABLE_HARDENED_RUNTIME = YES;
				ENABLE_PREVIEWS = YES;
				GENERATE_INFOPLIST_FILE = YES;
				INFOPLIST_KEY_LSApplicationCategoryType = "public.app-category.developer-tools";
				INFOPLIST_KEY_NSHumanReadableCopyright = "";
				LD_RUNPATH_SEARCH_PATHS = (
					"$(inherited)",
					"@executable_path/../Frameworks",
				);
				MACOSX_DEPLOYMENT_TARGET = 11.0;
				MARKETING_VERSION = 1.0.0;
				PRODUCT_BUNDLE_IDENTIFIER = "com.lyledu.Swifty-Pusher";
				PRODUCT_NAME = "$(TARGET_NAME)";
				SWIFT_EMIT_LOC_STRINGS = YES;
				SWIFT_VERSION = 5.0;
			};
			name = Debug;
		};
		3E37C4D727FE221200253CA4 /* Release */ = {
			isa = XCBuildConfiguration;
			buildSettings = {
				ASSETCATALOG_COMPILER_APPICON_NAME = AppIcon;
				ASSETCATALOG_COMPILER_GLOBAL_ACCENT_COLOR_NAME = AccentColor;
				CODE_SIGN_ENTITLEMENTS = "Swifty Pusher/Swifty_Pusher.entitlements";
				CODE_SIGN_STYLE = Automatic;
				COMBINE_HIDPI_IMAGES = YES;
				CURRENT_PROJECT_VERSION = 1;
				DEVELOPMENT_ASSET_PATHS = "\"Swifty Pusher/Preview Content\"";
				DEVELOPMENT_TEAM = P45J34CJYG;
				ENABLE_HARDENED_RUNTIME = YES;
				ENABLE_PREVIEWS = YES;
				GENERATE_INFOPLIST_FILE = YES;
				INFOPLIST_KEY_LSApplicationCategoryType = "public.app-category.developer-tools";
				INFOPLIST_KEY_NSHumanReadableCopyright = "";
				LD_RUNPATH_SEARCH_PATHS = (
					"$(inherited)",
					"@executable_path/../Frameworks",
				);
				MACOSX_DEPLOYMENT_TARGET = 11.0;
				MARKETING_VERSION = 1.0.0;
				PRODUCT_BUNDLE_IDENTIFIER = "com.lyledu.Swifty-Pusher";
				PRODUCT_NAME = "$(TARGET_NAME)";
				SWIFT_EMIT_LOC_STRINGS = YES;
				SWIFT_VERSION = 5.0;
			};
			name = Release;
		};
		3E37C4D927FE221200253CA4 /* Debug */ = {
			isa = XCBuildConfiguration;
			buildSettings = {
				ALWAYS_EMBED_SWIFT_STANDARD_LIBRARIES = YES;
				BUNDLE_LOADER = "$(TEST_HOST)";
				CODE_SIGN_STYLE = Automatic;
				CURRENT_PROJECT_VERSION = 1;
				DEVELOPMENT_TEAM = P45J34CJYG;
				GENERATE_INFOPLIST_FILE = YES;
				MACOSX_DEPLOYMENT_TARGET = 12.3;
				MARKETING_VERSION = 1.0;
				PRODUCT_BUNDLE_IDENTIFIER = "com.lyledu.Swifty-PusherTests";
				PRODUCT_NAME = "$(TARGET_NAME)";
				SWIFT_EMIT_LOC_STRINGS = NO;
				SWIFT_VERSION = 5.0;
				TEST_HOST = "$(BUILT_PRODUCTS_DIR)/Swifty Pusher.app/Contents/MacOS/Swifty Pusher";
			};
			name = Debug;
		};
		3E37C4DA27FE221200253CA4 /* Release */ = {
			isa = XCBuildConfiguration;
			buildSettings = {
				ALWAYS_EMBED_SWIFT_STANDARD_LIBRARIES = YES;
				BUNDLE_LOADER = "$(TEST_HOST)";
				CODE_SIGN_STYLE = Automatic;
				CURRENT_PROJECT_VERSION = 1;
				DEVELOPMENT_TEAM = P45J34CJYG;
				GENERATE_INFOPLIST_FILE = YES;
				MACOSX_DEPLOYMENT_TARGET = 12.3;
				MARKETING_VERSION = 1.0;
				PRODUCT_BUNDLE_IDENTIFIER = "com.lyledu.Swifty-PusherTests";
				PRODUCT_NAME = "$(TARGET_NAME)";
				SWIFT_EMIT_LOC_STRINGS = NO;
				SWIFT_VERSION = 5.0;
				TEST_HOST = "$(BUILT_PRODUCTS_DIR)/Swifty Pusher.app/Contents/MacOS/Swifty Pusher";
			};
			name = Release;
		};
		3E37C4DC27FE221200253CA4 /* Debug */ = {
			isa = XCBuildConfiguration;
			buildSettings = {
				ALWAYS_EMBED_SWIFT_STANDARD_LIBRARIES = YES;
				CODE_SIGN_STYLE = Automatic;
				CURRENT_PROJECT_VERSION = 1;
				DEVELOPMENT_TEAM = P45J34CJYG;
				GENERATE_INFOPLIST_FILE = YES;
				MARKETING_VERSION = 1.0;
				PRODUCT_BUNDLE_IDENTIFIER = "com.lyledu.Swifty-PusherUITests";
				PRODUCT_NAME = "$(TARGET_NAME)";
				SWIFT_EMIT_LOC_STRINGS = NO;
				SWIFT_VERSION = 5.0;
				TEST_TARGET_NAME = "Swifty Pusher";
			};
			name = Debug;
		};
		3E37C4DD27FE221200253CA4 /* Release */ = {
			isa = XCBuildConfiguration;
			buildSettings = {
				ALWAYS_EMBED_SWIFT_STANDARD_LIBRARIES = YES;
				CODE_SIGN_STYLE = Automatic;
				CURRENT_PROJECT_VERSION = 1;
				DEVELOPMENT_TEAM = P45J34CJYG;
				GENERATE_INFOPLIST_FILE = YES;
				MARKETING_VERSION = 1.0;
				PRODUCT_BUNDLE_IDENTIFIER = "com.lyledu.Swifty-PusherUITests";
				PRODUCT_NAME = "$(TARGET_NAME)";
				SWIFT_EMIT_LOC_STRINGS = NO;
				SWIFT_VERSION = 5.0;
				TEST_TARGET_NAME = "Swifty Pusher";
			};
			name = Release;
		};
/* End XCBuildConfiguration section */

/* Begin XCConfigurationList section */
		3E37C4AB27FE221200253CA4 /* Build configuration list for PBXProject "Swifty Pusher" */ = {
			isa = XCConfigurationList;
			buildConfigurations = (
				3E37C4D327FE221200253CA4 /* Debug */,
				3E37C4D427FE221200253CA4 /* Release */,
			);
			defaultConfigurationIsVisible = 0;
			defaultConfigurationName = Release;
		};
		3E37C4D527FE221200253CA4 /* Build configuration list for PBXNativeTarget "Swifty Pusher" */ = {
			isa = XCConfigurationList;
			buildConfigurations = (
				3E37C4D627FE221200253CA4 /* Debug */,
				3E37C4D727FE221200253CA4 /* Release */,
			);
			defaultConfigurationIsVisible = 0;
			defaultConfigurationName = Release;
		};
		3E37C4D827FE221200253CA4 /* Build configuration list for PBXNativeTarget "Swifty PusherTests" */ = {
			isa = XCConfigurationList;
			buildConfigurations = (
				3E37C4D927FE221200253CA4 /* Debug */,
				3E37C4DA27FE221200253CA4 /* Release */,
			);
			defaultConfigurationIsVisible = 0;
			defaultConfigurationName = Release;
		};
		3E37C4DB27FE221200253CA4 /* Build configuration list for PBXNativeTarget "Swifty PusherUITests" */ = {
			isa = XCConfigurationList;
			buildConfigurations = (
				3E37C4DC27FE221200253CA4 /* Debug */,
				3E37C4DD27FE221200253CA4 /* Release */,
			);
			defaultConfigurationIsVisible = 0;
			defaultConfigurationName = Release;
		};
/* End XCConfigurationList section */

/* Begin XCRemoteSwiftPackageReference section */
		3EA4720927FF62BE007E9E7B /* XCRemoteSwiftPackageReference "OHHTTPStubs" */ = {
			isa = XCRemoteSwiftPackageReference;
			repositoryURL = "https://github.com/AliSoftware/OHHTTPStubs.git";
			requirement = {
				kind = upToNextMajorVersion;
				minimumVersion = 9.0.0;
			};
		};
/* End XCRemoteSwiftPackageReference section */

/* Begin XCSwiftPackageProductDependency section */
		3EA4720A27FF62BE007E9E7B /* OHHTTPStubsSwift */ = {
			isa = XCSwiftPackageProductDependency;
			package = 3EA4720927FF62BE007E9E7B /* XCRemoteSwiftPackageReference "OHHTTPStubs" */;
			productName = OHHTTPStubsSwift;
		};
		3EA4720C27FF6340007E9E7B /* OHHTTPStubsSwift */ = {
			isa = XCSwiftPackageProductDependency;
			package = 3EA4720927FF62BE007E9E7B /* XCRemoteSwiftPackageReference "OHHTTPStubs" */;
			productName = OHHTTPStubsSwift;
		};
/* End XCSwiftPackageProductDependency section */
	};
	rootObject = 3E37C4A827FE221200253CA4 /* Project object */;
}
